
Microsoft Visual Studio Solution File, Format Version 12.00
# Visual Studio Version 16
VisualStudioVersion = 16.0.30204.135
MinimumVisualStudioVersion = 10.0.40219.1
Project("{FAE04EC0-301F-11D3-BF4B-00C04F79EFBC}") = "WpfApp1", "WpfApp1\WpfApp1.csproj", "{86896DE8-14BC-4D9B-8B68-2620330B0234}"
EndProject
Global
	GlobalSection(SolutionConfigurationPlatforms) = preSolution
		Debug|Any CPU = Debug|Any CPU
		Release|Any CPU = Release|Any CPU
	EndGlobalSection
	GlobalSection(ProjectConfigurationPlatforms) = postSolution
		{86896DE8-14BC-4D9B-8B68-2620330B0234}.Debug|Any CPU.ActiveCfg = Debug|Any CPU
		{86896DE8-14BC-4D9B-8B68-2620330B0234}.Debug|Any CPU.Build.0 = Debug|Any CPU
		{86896DE8-14BC-4D9B-8B68-2620330B0234}.Release|Any CPU.ActiveCfg = Release|Any CPU
		{86896DE8-14BC-4D9B-8B68-2620330B0234}.Release|Any CPU.Build.0 = Release|Any CPU
	EndGlobalSection
	GlobalSection(SolutionProperties) = preSolution
		HideSolutionNode = FALSE
	EndGlobalSection
	GlobalSection(ExtensibilityGlobals) = postSolution
		SolutionGuid = {22BDBDD5-52AB-4DF2-AD48-79C38772800C}
	EndGlobalSection
EndGlobal
